// !$*UTF8*$!
{
	archiveVersion = 1;
	classes = {
	};
	objectVersion = 77;
	objects = {

/* Begin PBXContainerItemProxy section */
		7E157C052CFBBDA300F05D62 /* PBXContainerItemProxy */ = {
			isa = PBXContainerItemProxy;
			containerPortal = 7E157BEB2CFBBDA100F05D62 /* Project object */;
			proxyType = 1;
			remoteGlobalIDString = 7E157BF22CFBBDA100F05D62;
			remoteInfo = SnapBarcodeLocator;
		};
		7E157C0F2CFBBDA300F05D62 /* PBXContainerItemProxy */ = {
			isa = PBXContainerItemProxy;
			containerPortal = 7E157BEB2CFBBDA100F05D62 /* Project object */;
			proxyType = 1;
			remoteGlobalIDString = 7E157BF22CFBBDA100F05D62;
			remoteInfo = SnapBarcodeLocator;
		};
/* End PBXContainerItemProxy section */

/* Begin PBXFileReference section */
		7E157BF32CFBBDA100F05D62 /* SnapBarcodeLocator.app */ = {isa = PBXFileReference; explicitFileType = wrapper.application; includeInIndex = 0; path = SnapBarcodeLocator.app; sourceTree = BUILT_PRODUCTS_DIR; };
		7E157C042CFBBDA300F05D62 /* SnapBarcodeLocatorTests.xctest */ = {isa = PBXFileReference; explicitFileType = wrapper.cfbundle; includeInIndex = 0; path = SnapBarcodeLocatorTests.xctest; sourceTree = BUILT_PRODUCTS_DIR; };
		7E157C0E2CFBBDA300F05D62 /* SnapBarcodeLocatorUITests.xctest */ = {isa = PBXFileReference; explicitFileType = wrapper.cfbundle; includeInIndex = 0; path = SnapBarcodeLocatorUITests.xctest; sourceTree = BUILT_PRODUCTS_DIR; };
/* End PBXFileReference section */

/* Begin PBXFileSystemSynchronizedRootGroup section */
		7E157BF52CFBBDA100F05D62 /* SnapBarcodeLocator */ = {
			isa = PBXFileSystemSynchronizedRootGroup;
			path = SnapBarcodeLocator;
			sourceTree = "<group>";
		};
		7E157C072CFBBDA300F05D62 /* SnapBarcodeLocatorTests */ = {
			isa = PBXFileSystemSynchronizedRootGroup;
			path = SnapBarcodeLocatorTests;
			sourceTree = "<group>";
		};
		7E157C112CFBBDA300F05D62 /* SnapBarcodeLocatorUITests */ = {
			isa = PBXFileSystemSynchronizedRootGroup;
			path = SnapBarcodeLocatorUITests;
			sourceTree = "<group>";
		};
/* End PBXFileSystemSynchronizedRootGroup section */

/* Begin PBXFrameworksBuildPhase section */
		7E157BF02CFBBDA100F05D62 /* Frameworks */ = {
			isa = PBXFrameworksBuildPhase;
			buildActionMask = 2147483647;
			files = (
			);
			runOnlyForDeploymentPostprocessing = 0;
		};
		7E157C012CFBBDA300F05D62 /* Frameworks */ = {
			isa = PBXFrameworksBuildPhase;
			buildActionMask = 2147483647;
			files = (
			);
			runOnlyForDeploymentPostprocessing = 0;
		};
		7E157C0B2CFBBDA300F05D62 /* Frameworks */ = {
			isa = PBXFrameworksBuildPhase;
			buildActionMask = 2147483647;
			files = (
			);
			runOnlyForDeploymentPostprocessing = 0;
		};
/* End PBXFrameworksBuildPhase section */

/* Begin PBXGroup section */
		7E157BEA2CFBBDA100F05D62 = {
			isa = PBXGroup;
			children = (
				7E157BF52CFBBDA100F05D62 /* SnapBarcodeLocator */,
				7E157C072CFBBDA300F05D62 /* SnapBarcodeLocatorTests */,
				7E157C112CFBBDA300F05D62 /* SnapBarcodeLocatorUITests */,
				7E157BF42CFBBDA100F05D62 /* Products */,
			);
			sourceTree = "<group>";
		};
		7E157BF42CFBBDA100F05D62 /* Products */ = {
			isa = PBXGroup;
			children = (
				7E157BF32CFBBDA100F05D62 /* SnapBarcodeLocator.app */,
				7E157C042CFBBDA300F05D62 /* SnapBarcodeLocatorTests.xctest */,
				7E157C0E2CFBBDA300F05D62 /* SnapBarcodeLocatorUITests.xctest */,
			);
			name = Products;
			sourceTree = "<group>";
		};
/* End PBXGroup section */

/* Begin PBXNativeTarget section */
		7E157BF22CFBBDA100F05D62 /* SnapBarcodeLocator */ = {
			isa = PBXNativeTarget;
			buildConfigurationList = 7E157C182CFBBDA300F05D62 /* Build configuration list for PBXNativeTarget "SnapBarcodeLocator" */;
			buildPhases = (
				7E157BEF2CFBBDA100F05D62 /* Sources */,
				7E157BF02CFBBDA100F05D62 /* Frameworks */,
				7E157BF12CFBBDA100F05D62 /* Resources */,
			);
			buildRules = (
			);
			dependencies = (
			);
			fileSystemSynchronizedGroups = (
				7E157BF52CFBBDA100F05D62 /* SnapBarcodeLocator */,
			);
			name = SnapBarcodeLocator;
			packageProductDependencies = (
			);
			productName = SnapBarcodeLocator;
			productReference = 7E157BF32CFBBDA100F05D62 /* SnapBarcodeLocator.app */;
			productType = "com.apple.product-type.application";
		};
		7E157C032CFBBDA300F05D62 /* SnapBarcodeLocatorTests */ = {
			isa = PBXNativeTarget;
			buildConfigurationList = 7E157C1B2CFBBDA300F05D62 /* Build configuration list for PBXNativeTarget "SnapBarcodeLocatorTests" */;
			buildPhases = (
				7E157C002CFBBDA300F05D62 /* Sources */,
				7E157C012CFBBDA300F05D62 /* Frameworks */,
				7E157C022CFBBDA300F05D62 /* Resources */,
			);
			buildRules = (
			);
			dependencies = (
				7E157C062CFBBDA300F05D62 /* PBXTargetDependency */,
			);
			fileSystemSynchronizedGroups = (
				7E157C072CFBBDA300F05D62 /* SnapBarcodeLocatorTests */,
			);
			name = SnapBarcodeLocatorTests;
			packageProductDependencies = (
			);
			productName = SnapBarcodeLocatorTests;
			productReference = 7E157C042CFBBDA300F05D62 /* SnapBarcodeLocatorTests.xctest */;
			productType = "com.apple.product-type.bundle.unit-test";
		};
		7E157C0D2CFBBDA300F05D62 /* SnapBarcodeLocatorUITests */ = {
			isa = PBXNativeTarget;
			buildConfigurationList = 7E157C1E2CFBBDA300F05D62 /* Build configuration list for PBXNativeTarget "SnapBarcodeLocatorUITests" */;
			buildPhases = (
				7E157C0A2CFBBDA300F05D62 /* Sources */,
				7E157C0B2CFBBDA300F05D62 /* Frameworks */,
				7E157C0C2CFBBDA300F05D62 /* Resources */,
			);
			buildRules = (
			);
			dependencies = (
				7E157C102CFBBDA300F05D62 /* PBXTargetDependency */,
			);
			fileSystemSynchronizedGroups = (
				7E157C112CFBBDA300F05D62 /* SnapBarcodeLocatorUITests */,
			);
			name = SnapBarcodeLocatorUITests;
			packageProductDependencies = (
			);
			productName = SnapBarcodeLocatorUITests;
			productReference = 7E157C0E2CFBBDA300F05D62 /* SnapBarcodeLocatorUITests.xctest */;
			productType = "com.apple.product-type.bundle.ui-testing";
		};
/* End PBXNativeTarget section */

/* Begin PBXProject section */
		7E157BEB2CFBBDA100F05D62 /* Project object */ = {
			isa = PBXProject;
			attributes = {
				BuildIndependentTargetsInParallel = 1;
				LastSwiftUpdateCheck = 1610;
				LastUpgradeCheck = 1610;
				TargetAttributes = {
					7E157BF22CFBBDA100F05D62 = {
						CreatedOnToolsVersion = 16.1;
					};
					7E157C032CFBBDA300F05D62 = {
						CreatedOnToolsVersion = 16.1;
						TestTargetID = 7E157BF22CFBBDA100F05D62;
					};
					7E157C0D2CFBBDA300F05D62 = {
						CreatedOnToolsVersion = 16.1;
						TestTargetID = 7E157BF22CFBBDA100F05D62;
					};
				};
			};
			buildConfigurationList = 7E157BEE2CFBBDA100F05D62 /* Build configuration list for PBXProject "SnapBarcodeLocator" */;
			developmentRegion = en;
			hasScannedForEncodings = 0;
			knownRegions = (
				en,
				Base,
			);
			mainGroup = 7E157BEA2CFBBDA100F05D62;
			minimizedProjectReferenceProxies = 1;
			preferredProjectObjectVersion = 77;
			productRefGroup = 7E157BF42CFBBDA100F05D62 /* Products */;
			projectDirPath = "";
			projectRoot = "";
			targets = (
				7E157BF22CFBBDA100F05D62 /* SnapBarcodeLocator */,
				7E157C032CFBBDA300F05D62 /* SnapBarcodeLocatorTests */,
				7E157C0D2CFBBDA300F05D62 /* SnapBarcodeLocatorUITests */,
			);
		};
/* End PBXProject section */

/* Begin PBXResourcesBuildPhase section */
		7E157BF12CFBBDA100F05D62 /* Resources */ = {
			isa = PBXResourcesBuildPhase;
			buildActionMask = 2147483647;
			files = (
			);
			runOnlyForDeploymentPostprocessing = 0;
		};
		7E157C022CFBBDA300F05D62 /* Resources */ = {
			isa = PBXResourcesBuildPhase;
			buildActionMask = 2147483647;
			files = (
			);
			runOnlyForDeploymentPostprocessing = 0;
		};
		7E157C0C2CFBBDA300F05D62 /* Resources */ = {
			isa = PBXResourcesBuildPhase;
			buildActionMask = 2147483647;
			files = (
			);
			runOnlyForDeploymentPostprocessing = 0;
		};
/* End PBXResourcesBuildPhase section */

/* Begin PBXSourcesBuildPhase section */
		7E157BEF2CFBBDA100F05D62 /* Sources */ = {
			isa = PBXSourcesBuildPhase;
			buildActionMask = 2147483647;
			files = (
			);
			runOnlyForDeploymentPostprocessing = 0;
		};
		7E157C002CFBBDA300F05D62 /* Sources */ = {
			isa = PBXSourcesBuildPhase;
			buildActionMask = 2147483647;
			files = (
			);
			runOnlyForDeploymentPostprocessing = 0;
		};
		7E157C0A2CFBBDA300F05D62 /* Sources */ = {
			isa = PBXSourcesBuildPhase;
			buildActionMask = 2147483647;
			files = (
			);
			runOnlyForDeploymentPostprocessing = 0;
		};
/* End PBXSourcesBuildPhase section */

/* Begin PBXTargetDependency section */
		7E157C062CFBBDA300F05D62 /* PBXTargetDependency */ = {
			isa = PBXTargetDependency;
			target = 7E157BF22CFBBDA100F05D62 /* SnapBarcodeLocator */;
			targetProxy = 7E157C052CFBBDA300F05D62 /* PBXContainerItemProxy */;
		};
		7E157C102CFBBDA300F05D62 /* PBXTargetDependency */ = {
			isa = PBXTargetDependency;
			target = 7E157BF22CFBBDA100F05D62 /* SnapBarcodeLocator */;
			targetProxy = 7E157C0F2CFBBDA300F05D62 /* PBXContainerItemProxy */;
		};
/* End PBXTargetDependency section */

/* Begin XCBuildConfiguration section */
		7E157C162CFBBDA300F05D62 /* Debug */ = {
			isa = XCBuildConfiguration;
			buildSettings = {
				ALWAYS_SEARCH_USER_PATHS = NO;
				ASSETCATALOG_COMPILER_GENERATE_SWIFT_ASSET_SYMBOL_EXTENSIONS = YES;
				CLANG_ANALYZER_NONNULL = YES;
				CLANG_ANALYZER_NUMBER_OBJECT_CONVERSION = YES_AGGRESSIVE;
				CLANG_CXX_LANGUAGE_STANDARD = "gnu++20";
				CLANG_ENABLE_MODULES = YES;
				CLANG_ENABLE_OBJC_ARC = YES;
				CLANG_ENABLE_OBJC_WEAK = YES;
				CLANG_WARN_BLOCK_CAPTURE_AUTORELEASING = YES;
				CLANG_WARN_BOOL_CONVERSION = YES;
				CLANG_WARN_COMMA = YES;
				CLANG_WARN_CONSTANT_CONVERSION = YES;
				CLANG_WARN_DEPRECATED_OBJC_IMPLEMENTATIONS = YES;
				CLANG_WARN_DIRECT_OBJC_ISA_USAGE = YES_ERROR;
				CLANG_WARN_DOCUMENTATION_COMMENTS = YES;
				CLANG_WARN_EMPTY_BODY = YES;
				CLANG_WARN_ENUM_CONVERSION = YES;
				CLANG_WARN_INFINITE_RECURSION = YES;
				CLANG_WARN_INT_CONVERSION = YES;
				CLANG_WARN_NON_LITERAL_NULL_CONVERSION = YES;
				CLANG_WARN_OBJC_IMPLICIT_RETAIN_SELF = YES;
				CLANG_WARN_OBJC_LITERAL_CONVERSION = YES;
				CLANG_WARN_OBJC_ROOT_CLASS = YES_ERROR;
				CLANG_WARN_QUOTED_INCLUDE_IN_FRAMEWORK_HEADER = YES;
				CLANG_WARN_RANGE_LOOP_ANALYSIS = YES;
				CLANG_WARN_STRICT_PROTOTYPES = YES;
				CLANG_WARN_SUSPICIOUS_MOVE = YES;
				CLANG_WARN_UNGUARDED_AVAILABILITY = YES_AGGRESSIVE;
				CLANG_WARN_UNREACHABLE_CODE = YES;
				CLANG_WARN__DUPLICATE_METHOD_MATCH = YES;
				COPY_PHASE_STRIP = NO;
				DEBUG_INFORMATION_FORMAT = dwarf;
				ENABLE_STRICT_OBJC_MSGSEND = YES;
				ENABLE_TESTABILITY = YES;
				ENABLE_USER_SCRIPT_SANDBOXING = YES;
				GCC_C_LANGUAGE_STANDARD = gnu17;
				GCC_DYNAMIC_NO_PIC = NO;
				GCC_NO_COMMON_BLOCKS = YES;
				GCC_OPTIMIZATION_LEVEL = 0;
				GCC_PREPROCESSOR_DEFINITIONS = (
					"DEBUG=1",
					"$(inherited)",
				);
				GCC_WARN_64_TO_32_BIT_CONVERSION = YES;
				GCC_WARN_ABOUT_RETURN_TYPE = YES_ERROR;
				GCC_WARN_UNDECLARED_SELECTOR = YES;
				GCC_WARN_UNINITIALIZED_AUTOS = YES_AGGRESSIVE;
				GCC_WARN_UNUSED_FUNCTION = YES;
				GCC_WARN_UNUSED_VARIABLE = YES;
				LOCALIZATION_PREFERS_STRING_CATALOGS = YES;
				MTL_ENABLE_DEBUG_INFO = INCLUDE_SOURCE;
				MTL_FAST_MATH = YES;
				ONLY_ACTIVE_ARCH = YES;
				SWIFT_ACTIVE_COMPILATION_CONDITIONS = "DEBUG $(inherited)";
				SWIFT_OPTIMIZATION_LEVEL = "-Onone";
			};
			name = Debug;
		};
		7E157C172CFBBDA300F05D62 /* Release */ = {
			isa = XCBuildConfiguration;
			buildSettings = {
				ALWAYS_SEARCH_USER_PATHS = NO;
				ASSETCATALOG_COMPILER_GENERATE_SWIFT_ASSET_SYMBOL_EXTENSIONS = YES;
				CLANG_ANALYZER_NONNULL = YES;
				CLANG_ANALYZER_NUMBER_OBJECT_CONVERSION = YES_AGGRESSIVE;
				CLANG_CXX_LANGUAGE_STANDARD = "gnu++20";
				CLANG_ENABLE_MODULES = YES;
				CLANG_ENABLE_OBJC_ARC = YES;
				CLANG_ENABLE_OBJC_WEAK = YES;
				CLANG_WARN_BLOCK_CAPTURE_AUTORELEASING = YES;
				CLANG_WARN_BOOL_CONVERSION = YES;
				CLANG_WARN_COMMA = YES;
				CLANG_WARN_CONSTANT_CONVERSION = YES;
				CLANG_WARN_DEPRECATED_OBJC_IMPLEMENTATIONS = YES;
				CLANG_WARN_DIRECT_OBJC_ISA_USAGE = YES_ERROR;
				CLANG_WARN_DOCUMENTATION_COMMENTS = YES;
				CLANG_WARN_EMPTY_BODY = YES;
				CLANG_WARN_ENUM_CONVERSION = YES;
				CLANG_WARN_INFINITE_RECURSION = YES;
				CLANG_WARN_INT_CONVERSION = YES;
				CLANG_WARN_NON_LITERAL_NULL_CONVERSION = YES;
				CLANG_WARN_OBJC_IMPLICIT_RETAIN_SELF = YES;
				CLANG_WARN_OBJC_LITERAL_CONVERSION = YES;
				CLANG_WARN_OBJC_ROOT_CLASS = YES_ERROR;
				CLANG_WARN_QUOTED_INCLUDE_IN_FRAMEWORK_HEADER = YES;
				CLANG_WARN_RANGE_LOOP_ANALYSIS = YES;
				CLANG_WARN_STRICT_PROTOTYPES = YES;
				CLANG_WARN_SUSPICIOUS_MOVE = YES;
				CLANG_WARN_UNGUARDED_AVAILABILITY = YES_AGGRESSIVE;
				CLANG_WARN_UNREACHABLE_CODE = YES;
				CLANG_WARN__DUPLICATE_METHOD_MATCH = YES;
				COPY_PHASE_STRIP = NO;
				DEBUG_INFORMATION_FORMAT = "dwarf-with-dsym";
				ENABLE_NS_ASSERTIONS = NO;
				ENABLE_STRICT_OBJC_MSGSEND = YES;
				ENABLE_USER_SCRIPT_SANDBOXING = YES;
				GCC_C_LANGUAGE_STANDARD = gnu17;
				GCC_NO_COMMON_BLOCKS = YES;
				GCC_WARN_64_TO_32_BIT_CONVERSION = YES;
				GCC_WARN_ABOUT_RETURN_TYPE = YES_ERROR;
				GCC_WARN_UNDECLARED_SELECTOR = YES;
				GCC_WARN_UNINITIALIZED_AUTOS = YES_AGGRESSIVE;
				GCC_WARN_UNUSED_FUNCTION = YES;
				GCC_WARN_UNUSED_VARIABLE = YES;
				LOCALIZATION_PREFERS_STRING_CATALOGS = YES;
				MTL_ENABLE_DEBUG_INFO = NO;
				MTL_FAST_MATH = YES;
				SWIFT_COMPILATION_MODE = wholemodule;
			};
			name = Release;
		};
		7E157C192CFBBDA300F05D62 /* Debug */ = {
			isa = XCBuildConfiguration;
			buildSettings = {
				ASSETCATALOG_COMPILER_APPICON_NAME = AppIcon;
				ASSETCATALOG_COMPILER_GLOBAL_ACCENT_COLOR_NAME = AccentColor;
				CODE_SIGN_ENTITLEMENTS = SnapBarcodeLocator/SnapBarcodeLocator.entitlements;
				CODE_SIGN_STYLE = Automatic;
				CURRENT_PROJECT_VERSION = 1;
				DEVELOPMENT_ASSET_PATHS = "\"SnapBarcodeLocator/Preview Content\"";
				DEVELOPMENT_TEAM = 88JN2PFFSD;
				ENABLE_HARDENED_RUNTIME = YES;
				ENABLE_PREVIEWS = YES;
				GENERATE_INFOPLIST_FILE = YES;
				INFOPLIST_KEY_NSCameraUsageDescription = "Camera Access Needed";
				"INFOPLIST_KEY_UIApplicationSceneManifest_Generation[sdk=iphoneos*]" = YES;
				"INFOPLIST_KEY_UIApplicationSceneManifest_Generation[sdk=iphonesimulator*]" = YES;
				"INFOPLIST_KEY_UIApplicationSupportsIndirectInputEvents[sdk=iphoneos*]" = YES;
				"INFOPLIST_KEY_UIApplicationSupportsIndirectInputEvents[sdk=iphonesimulator*]" = YES;
				"INFOPLIST_KEY_UILaunchScreen_Generation[sdk=iphoneos*]" = YES;
				"INFOPLIST_KEY_UILaunchScreen_Generation[sdk=iphonesimulator*]" = YES;
				"INFOPLIST_KEY_UIStatusBarStyle[sdk=iphoneos*]" = UIStatusBarStyleDefault;
				"INFOPLIST_KEY_UIStatusBarStyle[sdk=iphonesimulator*]" = UIStatusBarStyleDefault;
				INFOPLIST_KEY_UISupportedInterfaceOrientations_iPad = "UIInterfaceOrientationPortrait UIInterfaceOrientationPortraitUpsideDown UIInterfaceOrientationLandscapeLeft UIInterfaceOrientationLandscapeRight";
				INFOPLIST_KEY_UISupportedInterfaceOrientations_iPhone = "UIInterfaceOrientationPortrait UIInterfaceOrientationLandscapeLeft UIInterfaceOrientationLandscapeRight";
				IPHONEOS_DEPLOYMENT_TARGET = 18.1;
				LD_RUNPATH_SEARCH_PATHS = "@executable_path/Frameworks";
				"LD_RUNPATH_SEARCH_PATHS[sdk=macosx*]" = "@executable_path/../Frameworks";
				MACOSX_DEPLOYMENT_TARGET = 15.1;
				MARKETING_VERSION = 1.0;
				PRODUCT_BUNDLE_IDENTIFIER = com.wuleepa.barcodeScanner.SnapBarcodeLocator;
				PRODUCT_NAME = "$(TARGET_NAME)";
				REGISTER_APP_GROUPS = NO;
				SDKROOT = auto;
				SUPPORTED_PLATFORMS = "iphoneos iphonesimulator macosx xros xrsimulator";
				SUPPORTS_MACCATALYST = NO;
				SWIFT_EMIT_LOC_STRINGS = YES;
				SWIFT_VERSION = 5.0;
				TARGETED_DEVICE_FAMILY = "1,2,7";
				XROS_DEPLOYMENT_TARGET = 2.1;
			};
			name = Debug;
		};
		7E157C1A2CFBBDA300F05D62 /* Release */ = {
			isa = XCBuildConfiguration;
			buildSettings = {
				ASSETCATALOG_COMPILER_APPICON_NAME = AppIcon;
				ASSETCATALOG_COMPILER_GLOBAL_ACCENT_COLOR_NAME = AccentColor;
				CODE_SIGN_ENTITLEMENTS = SnapBarcodeLocator/SnapBarcodeLocator.entitlements;
				CODE_SIGN_STYLE = Automatic;
				CURRENT_PROJECT_VERSION = 1;
				DEVELOPMENT_ASSET_PATHS = "\"SnapBarcodeLocator/Preview Content\"";
				DEVELOPMENT_TEAM = 88JN2PFFSD;
				ENABLE_HARDENED_RUNTIME = YES;
				ENABLE_PREVIEWS = YES;
				GENERATE_INFOPLIST_FILE = YES;
				INFOPLIST_KEY_NSCameraUsageDescription = "Camera Access Needed";
				"INFOPLIST_KEY_UIApplicationSceneManifest_Generation[sdk=iphoneos*]" = YES;
				"INFOPLIST_KEY_UIApplicationSceneManifest_Generation[sdk=iphonesimulator*]" = YES;
				"INFOPLIST_KEY_UIApplicationSupportsIndirectInputEvents[sdk=iphoneos*]" = YES;
				"INFOPLIST_KEY_UIApplicationSupportsIndirectInputEvents[sdk=iphonesimulator*]" = YES;
				"INFOPLIST_KEY_UILaunchScreen_Generation[sdk=iphoneos*]" = YES;
				"INFOPLIST_KEY_UILaunchScreen_Generation[sdk=iphonesimulator*]" = YES;
				"INFOPLIST_KEY_UIStatusBarStyle[sdk=iphoneos*]" = UIStatusBarStyleDefault;
				"INFOPLIST_KEY_UIStatusBarStyle[sdk=iphonesimulator*]" = UIStatusBarStyleDefault;
				INFOPLIST_KEY_UISupportedInterfaceOrientations_iPad = "UIInterfaceOrientationPortrait UIInterfaceOrientationPortraitUpsideDown UIInterfaceOrientationLandscapeLeft UIInterfaceOrientationLandscapeRight";
				INFOPLIST_KEY_UISupportedInterfaceOrientations_iPhone = "UIInterfaceOrientationPortrait UIInterfaceOrientationLandscapeLeft UIInterfaceOrientationLandscapeRight";
				IPHONEOS_DEPLOYMENT_TARGET = 18.1;
				LD_RUNPATH_SEARCH_PATHS = "@executable_path/Frameworks";
				"LD_RUNPATH_SEARCH_PATHS[sdk=macosx*]" = "@executable_path/../Frameworks";
				MACOSX_DEPLOYMENT_TARGET = 15.1;
				MARKETING_VERSION = 1.0;
				PRODUCT_BUNDLE_IDENTIFIER = com.wuleepa.barcodeScanner.SnapBarcodeLocator;
				PRODUCT_NAME = "$(TARGET_NAME)";
				REGISTER_APP_GROUPS = NO;
				SDKROOT = auto;
				SUPPORTED_PLATFORMS = "iphoneos iphonesimulator macosx xros xrsimulator";
				SUPPORTS_MACCATALYST = NO;
				SWIFT_EMIT_LOC_STRINGS = YES;
				SWIFT_VERSION = 5.0;
				TARGETED_DEVICE_FAMILY = "1,2,7";
				XROS_DEPLOYMENT_TARGET = 2.1;
			};
			name = Release;
		};
		7E157C1C2CFBBDA300F05D62 /* Debug */ = {
			isa = XCBuildConfiguration;
			buildSettings = {
				BUNDLE_LOADER = "$(TEST_HOST)";
				CODE_SIGN_STYLE = Automatic;
				CURRENT_PROJECT_VERSION = 1;
				DEVELOPMENT_TEAM = 88JN2PFFSD;
				GENERATE_INFOPLIST_FILE = YES;
				IPHONEOS_DEPLOYMENT_TARGET = 18.1;
				MACOSX_DEPLOYMENT_TARGET = 15.1;
				MARKETING_VERSION = 1.0;
				PRODUCT_BUNDLE_IDENTIFIER = com.wuleepa.barcodeScanner.SnapBarcodeLocatorTests;
				PRODUCT_NAME = "$(TARGET_NAME)";
				SDKROOT = auto;
				SUPPORTED_PLATFORMS = "iphoneos iphonesimulator macosx xros xrsimulator";
				SWIFT_EMIT_LOC_STRINGS = NO;
				SWIFT_VERSION = 5.0;
				TARGETED_DEVICE_FAMILY = "1,2,7";
				TEST_HOST = "$(BUILT_PRODUCTS_DIR)/SnapBarcodeLocator.app/$(BUNDLE_EXECUTABLE_FOLDER_PATH)/SnapBarcodeLocator";
				XROS_DEPLOYMENT_TARGET = 2.1;
			};
			name = Debug;
		};
		7E157C1D2CFBBDA300F05D62 /* Release */ = {
			isa = XCBuildConfiguration;
			buildSettings = {
				BUNDLE_LOADER = "$(TEST_HOST)";
				CODE_SIGN_STYLE = Automatic;
				CURRENT_PROJECT_VERSION = 1;
				DEVELOPMENT_TEAM = 88JN2PFFSD;
				GENERATE_INFOPLIST_FILE = YES;
				IPHONEOS_DEPLOYMENT_TARGET = 18.1;
				MACOSX_DEPLOYMENT_TARGET = 15.1;
				MARKETING_VERSION = 1.0;
				PRODUCT_BUNDLE_IDENTIFIER = com.wuleepa.barcodeScanner.SnapBarcodeLocatorTests;
				PRODUCT_NAME = "$(TARGET_NAME)";
				SDKROOT = auto;
				SUPPORTED_PLATFORMS = "iphoneos iphonesimulator macosx xros xrsimulator";
				SWIFT_EMIT_LOC_STRINGS = NO;
				SWIFT_VERSION = 5.0;
				TARGETED_DEVICE_FAMILY = "1,2,7";
				TEST_HOST = "$(BUILT_PRODUCTS_DIR)/SnapBarcodeLocator.app/$(BUNDLE_EXECUTABLE_FOLDER_PATH)/SnapBarcodeLocator";
				XROS_DEPLOYMENT_TARGET = 2.1;
			};
			name = Release;
		};
		7E157C1F2CFBBDA300F05D62 /* Debug */ = {
			isa = XCBuildConfiguration;
			buildSettings = {
				CODE_SIGN_STYLE = Automatic;
				CURRENT_PROJECT_VERSION = 1;
				DEVELOPMENT_TEAM = 88JN2PFFSD;
				GENERATE_INFOPLIST_FILE = YES;
				IPHONEOS_DEPLOYMENT_TARGET = 18.1;
				MACOSX_DEPLOYMENT_TARGET = 15.1;
				MARKETING_VERSION = 1.0;
				PRODUCT_BUNDLE_IDENTIFIER = com.wuleepa.barcodeScanner.SnapBarcodeLocatorUITests;
				PRODUCT_NAME = "$(TARGET_NAME)";
				SDKROOT = auto;
				SUPPORTED_PLATFORMS = "iphoneos iphonesimulator macosx xros xrsimulator";
				SWIFT_EMIT_LOC_STRINGS = NO;
				SWIFT_VERSION = 5.0;
				TARGETED_DEVICE_FAMILY = "1,2,7";
				TEST_TARGET_NAME = SnapBarcodeLocator;
				XROS_DEPLOYMENT_TARGET = 2.1;
			};
			name = Debug;
		};
		7E157C202CFBBDA300F05D62 /* Release */ = {
			isa = XCBuildConfiguration;
			buildSettings = {
				CODE_SIGN_STYLE = Automatic;
				CURRENT_PROJECT_VERSION = 1;
				DEVELOPMENT_TEAM = 88JN2PFFSD;
				GENERATE_INFOPLIST_FILE = YES;
				IPHONEOS_DEPLOYMENT_TARGET = 18.1;
				MACOSX_DEPLOYMENT_TARGET = 15.1;
				MARKETING_VERSION = 1.0;
				PRODUCT_BUNDLE_IDENTIFIER = com.wuleepa.barcodeScanner.SnapBarcodeLocatorUITests;
				PRODUCT_NAME = "$(TARGET_NAME)";
				SDKROOT = auto;
				SUPPORTED_PLATFORMS = "iphoneos iphonesimulator macosx xros xrsimulator";
				SWIFT_EMIT_LOC_STRINGS = NO;
				SWIFT_VERSION = 5.0;
				TARGETED_DEVICE_FAMILY = "1,2,7";
				TEST_TARGET_NAME = SnapBarcodeLocator;
				XROS_DEPLOYMENT_TARGET = 2.1;
			};
			name = Release;
		};
/* End XCBuildConfiguration section */

/* Begin XCConfigurationList section */
		7E157BEE2CFBBDA100F05D62 /* Build configuration list for PBXProject "SnapBarcodeLocator" */ = {
			isa = XCConfigurationList;
			buildConfigurations = (
				7E157C162CFBBDA300F05D62 /* Debug */,
				7E157C172CFBBDA300F05D62 /* Release */,
			);
			defaultConfigurationIsVisible = 0;
			defaultConfigurationName = Release;
		};
		7E157C182CFBBDA300F05D62 /* Build configuration list for PBXNativeTarget "SnapBarcodeLocator" */ = {
			isa = XCConfigurationList;
			buildConfigurations = (
				7E157C192CFBBDA300F05D62 /* Debug */,
				7E157C1A2CFBBDA300F05D62 /* Release */,
			);
			defaultConfigurationIsVisible = 0;
			defaultConfigurationName = Release;
		};
		7E157C1B2CFBBDA300F05D62 /* Build configuration list for PBXNativeTarget "SnapBarcodeLocatorTests" */ = {
			isa = XCConfigurationList;
			buildConfigurations = (
				7E157C1C2CFBBDA300F05D62 /* Debug */,
				7E157C1D2CFBBDA300F05D62 /* Release */,
			);
			defaultConfigurationIsVisible = 0;
			defaultConfigurationName = Release;
		};
		7E157C1E2CFBBDA300F05D62 /* Build configuration list for PBXNativeTarget "SnapBarcodeLocatorUITests" */ = {
			isa = XCConfigurationList;
			buildConfigurations = (
				7E157C1F2CFBBDA300F05D62 /* Debug */,
				7E157C202CFBBDA300F05D62 /* Release */,
			);
			defaultConfigurationIsVisible = 0;
			defaultConfigurationName = Release;
		};
/* End XCConfigurationList section */
	};
	rootObject = 7E157BEB2CFBBDA100F05D62 /* Project object */;
}
